{
  "name": "enex-pdf",
  "version": "0.1.0",
  "lockfileVersion": 2,
  "requires": true,
  "packages": {
    "": {
      "name": "enex-pdf",
      "version": "0.1.0",
      "license": "0BSD",
      "dependencies": {
        "sax": "^1.2.4"
      }
    },
    "node_modules/sax": {
      "version": "1.4.3",
      "resolved": "https://registry.npmjs.org/sax/-/sax-1.4.3.tgz",
      "integrity": "sha512-yqYn1JhPczigF94DMS+shiDMjDowYO6y9+wB/4WgO0Y19jWYk0lQ4tuG5KI7kj4FTp1wxPj5IFfcrz/s1c3jjQ==",
      "license": "BlueOak-1.0.0"
    }
  },
  "dependencies": {
    "sax": {
      "version": "1.4.3",
      "resolved": "https://registry.npmjs.org/sax/-/sax-1.4.3.tgz",
      "integrity": "sha512-yqYn1JhPczigF94DMS+shiDMjDowYO6y9+wB/4WgO0Y19jWYk0lQ4tuG5KI7kj4FTp1wxPj5IFfcrz/s1c3jjQ=="
    }
  }
}
